github.com/ProjectZKM/Ziren/crates/go-runtime/zkvm_runtime v0.0.0-20260104020744-7268a54d0358 h1:B6uGMdZ4maUTJm+LYgBwEIDuJxgOUACw8K0Yg6jpNbY=
github.com/ProjectZKM/Ziren/crates/go-runtime/zkvm_runtime v0.0.0-20260104020744-7268a54d0358/go.mod h1:ioLG6R+5bUSO1oeGSDxOV3FADARuMoytZCSX6MEMQkI=
github.com/StackExchange/wmi v1.2.1 h1:VIkavFPXSjcnS+O8yTq7NI32k0R5Aj+v39y29VYDOSA=
github.com/StackExchange/wmi v1.2.1/go.mod h1:rcmrprowKIVzvc+NUiLncP2uuArMWLCbu9SBzvHz7e8=
github.com/VictoriaMetrics/fastcache v1.12.2 h1:N0y9ASrJ0F6h0QaC3o6uJb3NIZ9VKLjCM7NQbSmF7WI=
github.com/VictoriaMetrics/fastcache v1.12.2/go.mod h1:AmC+Nzz1+3G2eCPapF6UcsnkThDcMsQicp4xDukwJYI=
github.com/VictoriaMetrics/fastcache v1.13.0 h1:AW4mheMR5Vd9FkAPUv+NH6Nhw+fmbTMGMsNAoA/+4G0=
github.com/bits-and-blooms/bitset v1.24.0 h1:H4x4TuulnokZKvHLfzVRTHJfFfnHEeSYJizujEZvmAM=
github.com/bits-and-blooms/bitset v1.24.0/go.mod h1:7hO7Gc7Pp1vODcmWvKMRA9BNmbv6a/7QIWpPxHddWR8=
github.com/bits-and-blooms/bitset v1.24.4 h1:95H15Og1clikBrKr/DuzMXkQzECs1M6hhoGXLwLQOZE=
github.com/bits-and-blooms/bitset v1.24.4/go.mod h1:7hO7Gc7Pp1vODcmWvKMRA9BNmbv6a/7QIWpPxHddWR8=
github.com/ccxt/ccxt/go/v4 v4.5.3 h1:siVWoY67kivfonr965XUEwjurcG/iFGNcidFj068G8A=
github.com/ccxt/ccxt/go/v4 v4.5.3/go.mod h1:ETpkNrx3xgVWN7/zbcG2M/BJLb4Qmtd8v7SDwMC3MM0=
github.com/ccxt/ccxt/go/v4 v4.5.4 h1:h1aN+eistvo7pvVw7aRiwd2i4l99HYNAsF0lN5iRE10=
github.com/ccxt/ccxt/go/v4 v4.5.4/go.mod h1:ETpkNrx3xgVWN7/zbcG2M/BJLb4Qmtd8v7SDwMC3MM0=
github.com/ccxt/ccxt/go/v4 v4.5.32 h1:ZOnqy+FlSw5OKylFN9VcScAecTmtIoNOhCBr+DQ2cgM=
github.com/ccxt/ccxt/go/v4 v4.5.32/go.mod h1:PNmwUJ1QDJ072dBSBadihcD1x5aiZnE8lSUr8KXR/10=
github.com/cespare/xxhash/v2 v2.3.0 h1:UL815xU9SqsFlibzuggzjXhog7bL6oX9BbNZnL2UFvs=
github.com/cespare/xxhash/v2 v2.3.0/go.mod h1:VGX0DQ3Q6kWi7AoAeZDth3/j3BFtOZR5XLFGgcrjCOs=
github.com/consensys/gnark-crypto v0.19.0 h1:zXCqeY2txSaMl6G5wFpZzMWJU9HPNh8qxPnYJ1BL9vA=
github.com/consensys/gnark-crypto v0.19.0/go.mod h1:rT23F0XSZqE0mUA0+pRtnL56IbPxs6gp4CeRsBk4XS0=
github.com/consensys/gnark-crypto v0.19.2 h1:qrEAIXq3T4egxqiliFFoNrepkIWVEeIYwt3UL0fvS80=
github.com/consensys/gnark-crypto v0.19.2/go.mod h1:rT23F0XSZqE0mUA0+pRtnL56IbPxs6gp4CeRsBk4XS0=
github.com/crate-crypto/go-eth-kzg v1.4.0 h1:WzDGjHk4gFg6YzV0rJOAsTK4z3Qkz5jd4RE3DAvPFkg=
github.com/crate-crypto/go-eth-kzg v1.4.0/go.mod h1:J9/u5sWfznSObptgfa92Jq8rTswn6ahQWEuiLHOjCUI=
github.com/crate-crypto/go-ipa v0.0.0-20240724233137-53bbb0ceb27a h1:W8mUrRp6NOVl3J+MYp5kPMoUZPp7aOYHtaua31lwRHg=
github.com/crate-crypto/go-ipa v0.0.0-20240724233137-53bbb0ceb27a/go.mod h1:sTwzHBvIzm2RfVCGNEBZgRyjwK40bVoun3ZnGOCafNM=
github.com/davecgh/go-spew v1.1.1 h1:vj9j/u1bqnvCEfJOwUhtlOARqs3+rkHYY13jYWTU97c=
github.com/davecgh/go-spew v1.1.1/go.mod h1:J7Y8YcW2NihsgmVo/mv3lAwl/skON4iLHjSsI+c5H38=
github.com/decred/dcrd/crypto/blake256 v1.1.0 h1:zPMNGQCm0g4QTY27fOCorQW7EryeQ/U0x++OzVrdms8=
github.com/decred/dcrd/crypto/blake256 v1.1.0/go.mod h1:2OfgNZ5wDpcsFmHmCK5gZTPcCXqlm2ArzUIkw9czNJo=
github.com/decred/dcrd/dcrec/secp256k1/v4 v4.4.0 h1:NMZiJj8QnKe1LgsbDayM4UoHwbvwDRwnI3hwNaAHRnc=
github.com/decred/dcrd/dcrec/secp256k1/v4 v4.4.0/go.mod h1:ZXNYxsqcloTdSy/rNShjYzMhyjf0LaoftYK0p+A3h40=
github.com/emicklei/dot v1.6.2 h1:08GN+DD79cy/tzN6uLCT84+2Wk9u+wvqP+Hkx/dIR8A=
github.com/emicklei/dot v1.6.2/go.mod h1:DeV7GvQtIw4h2u73RKBkkFdvVAz0D9fzeJrgPW6gy/s=
github.com/ethereum/c-kzg-4844/v2 v2.1.2 h1:TsHMflcX0Wjjdwvhtg39HOozknAlQKY9PnG5Zf3gdD4=
github.com/ethereum/c-kzg-4844/v2 v2.1.2/go.mod h1:u59hRTTah4Co6i9fDWtiCjTrblJv0UwsqZKCc0GfgUs=
github.com/ethereum/c-kzg-4844/v2 v2.1.5 h1:aVtoLK5xwJ6c5RiqO8g8ptJ5KU+2Hdquf6G3aXiHh5s=
github.com/ethereum/c-kzg-4844/v2 v2.1.5/go.mod h1:u59hRTTah4Co6i9fDWtiCjTrblJv0UwsqZKCc0GfgUs=
github.com/ethereum/go-ethereum v1.16.3 h1:nDoBSrmsrPbrDIVLTkDQCy1U9KdHN+F2PzvMbDoS42Q=
github.com/ethereum/go-ethereum v1.16.3/go.mod h1:Lrsc6bt9Gm9RyvhfFK53vboCia8kpF9nv+2Ukntnl+8=
github.com/ethereum/go-ethereum v1.16.7 h1:qeM4TvbrWK0UC0tgkZ7NiRsmBGwsjqc64BHo20U59UQ=
github.com/ethereum/go-ethereum v1.16.7/go.mod h1:Fs6QebQbavneQTYcA39PEKv2+zIjX7rPUZ14DER46wk=
github.com/ethereum/go-verkle v0.2.2 h1:I2W0WjnrFUIzzVPwm8ykY+7pL2d4VhlsePn4j7cnFk8=
github.com/ethereum/go-verkle v0.2.2/go.mod h1:M3b90YRnzqKyyzBEWJGqj8Qff4IDeXnzFw0P9bFw3uk=
github.com/ferranbt/fastssz v0.1.4 h1:OCDB+dYDEQDvAgtAGnTSidK1Pe2tW3nFV40XyMkTeDY=
github.com/ferranbt/fastssz v0.1.4/go.mod h1:Ea3+oeoRGGLGm5shYAeDgu6PGUlcvQhE2fILyD9+tGg=
github.com/go-ole/go-ole v1.3.0 h1:Dt6ye7+vXGIKZ7Xtk4s6/xVdGDQynvom7xCFEdWr6uE=
github.com/go-ole/go-ole v1.3.0/go.mod h1:5LS6F96DhAwUc7C+1HLexzMXY1xGRSryjyPPKW6zv78=
github.com/gofrs/flock v0.12.1 h1:MTLVXXHf8ekldpJk3AKicLij9MdwOWkZ+a/jHHZby9E=
github.com/gofrs/flock v0.12.1/go.mod h1:9zxTsyu5xtJ9DK+1tFZyibEV7y3uwDxPPfbxeeHCoD0=
github.com/golang/snappy v0.0.5-0.20220116011046-fa5810519dcb h1:PBC98N2aIaM3XXiurYmW7fx4GZkL8feAMVq7nEjURHk=
github.com/golang/snappy v0.0.5-0.20220116011046-fa5810519dcb/go.mod h1:/XxbfmMg8lxefKM7IXC3fBNl/7bRcc72aCRzEWrmP2Q=
github.com/google/uuid v1.6.0 h1:NIvaJDMOsjHA8n1jAhLSgzrAzy1Hgr+hNrb57e+94F0=
github.com/google/uuid v1.6.0/go.mod h1:TIyPZe4MgqvfeYDBFedMoGGpEw/LqOeaOT+nhxU+yHo=
github.com/gorilla/websocket v1.5.3 h1:saDtZ6Pbx/0u+bgYQ3q96pZgCzfhKXGPqt7kZ72aNNg=
github.com/gorilla/websocket v1.5.3/go.mod h1:YR8l580nyteQvAITg2hZ9XVh4b55+EU/adAjf1fMHhE=
github.com/govalues/decimal v0.1.36 h1:dojDpsSvrk0ndAx8+saW5h9WDIHdWpIwrH/yhl9olyU=
github.com/govalues/decimal v0.1.36/go.mod h1:Ee7eI3Llf7hfqDZtpj8Q6NCIgJy1iY3kH1pSwDrNqlM=
github.com/holiman/uint256 v1.3.2 h1:a9EgMPSC1AAaj1SZL5zIQD3WbwTuHrMGOerLjGmM/TA=
github.com/holiman/uint256 v1.3.2/go.mod h1:EOMSn4q6Nyt9P6efbI3bueV4e1b3dGlUCXeiRV4ng7E=
github.com/joho/godotenv v1.5.1 h1:7eLL/+HRGLY0ldzfGMeQkb7vMd0as4CfYvUVzLqw0N0=
github.com/joho/godotenv v1.5.1/go.mod h1:f4LDr5Voq0i2e/R5DDNOoa2zzDfwtkZa6DnEwAbqwq4=
github.com/klauspost/cpuid/v2 v2.0.9 h1:lgaqFMSdTdQYdZ04uHyN2d/eKdOMyi2YLSvlQIBFYa4=
github.com/klauspost/cpuid/v2 v2.0.9/go.mod h1:FInQzS24/EEf25PyTYn52gqo7WaD8xa0213Md/qVLRg=
github.com/kylelemons/godebug v1.1.0 h1:RPNrshWIDI6G2gRW9EHilWtl7Z6Sb1BR0xunSBf0SNc=
github.com/kylelemons/godebug v1.1.0/go.mod h1:9/0rRGxNHcop5bhtWyNeEfOS8JIWk580+fNqagV/RAw=
github.com/leanovate/gopter v0.2.11 h1:vRjThO1EKPb/1NsDXuDrzldR28RLkBflWYcU9CvzWu4=
github.com/leanovate/gopter v0.2.11/go.mod h1:aK3tzZP/C+p1m3SPRE4SYZFGP7jjkuSI4f7Xvpt0S9c=
github.com/lmittmann/tint v1.1.2 h1:2CQzrL6rslrsyjqLDwD11bZ5OpLBPU+g3G/r5LSfS8w=
github.com/lmittmann/tint v1.1.2/go.mod h1:HIS3gSy7qNwGCj+5oRjAutErFBl4BzdQP6cJZ0NfMwE=
github.com/mattn/go-runewidth v0.0.13 h1:lTGmDsbAYt5DmK6OnoV7EuIF1wEIFAcxld6ypU4OSgU=
github.com/mattn/go-runewidth v0.0.13/go.mod h1:Jdepj2loyihRzMpdS35Xk/zdY8IAYHsh153qUoGf23w=
github.com/minio/sha256-simd v1.0.0 h1:v1ta+49hkWZyvaKwrQB8elexRqm6Y0aMLjCNsrYxo6g=
github.com/minio/sha256-simd v1.0.0/go.mod h1:OuYzVNI5vcoYIAmbIvHPl3N3jUzVedXbKy5RFepssQM=
github.com/mitchellh/mapstructure v1.5.0 h1:jeMsZIYE/09sWLaz43PL7Gy6RuMjD2eJVyuac5Z2hdY=
github.com/mitchellh/mapstructure v1.5.0/go.mod h1:bFUtVrKA4DC2yAKiSyO/QUcy7e+RRV2QTWOzhPopBRo=
github.com/olekukonko/tablewriter v0.0.5 h1:P2Ga83D34wi1o9J6Wh1mRuqd4mF/x/lgBS7N7AbDhec=
github.com/olekukonko/tablewriter v0.0.5/go.mod h1:hPp6KlRPjbx+hW8ykQs1w3UBbZlj6HuIJcUGPhkA7kY=
github.com/pmezard/go-difflib v1.0.0 h1:4DBwDE0NGyQoBHbLQYPwSUPoCMWR5BEzIk/f1lZbAQM=
github.com/pmezard/go-difflib v1.0.0/go.mod h1:iKH77koFhYxTK1pcRnkKkqfTogsbg7gZNVY4sRDYZ/4=
github.com/rivo/uniseg v0.2.0 h1:S1pD9weZBuJdFmowNwbpi7BJ8TNftyUImj/0WQi72jY=
github.com/rivo/uniseg v0.2.0/go.mod h1:J6wj4VEh+S6ZtnVlnTBMWIodfgj8LQOQFoIToxlJtxc=
github.com/shirou/gopsutil v3.21.4-0.20210419000835-c7a38de76ee5+incompatible h1:Bn1aCHHRnjv4Bl16T8rcaFjYSrGrIZvpiGO6P3Q4GpU=
github.com/shirou/gopsutil v3.21.4-0.20210419000835-c7a38de76ee5+incompatible/go.mod h1:5b4v6he4MtMOwMlS0TUMTu2PcXUg8+E1lC7eC3UO/RA=
github.com/stretchr/testify v1.10.0 h1:Xv5erBjTwe/5IxqUQTdXv5kgmIvbHo3QQyRwhJsOfJA=
github.com/stretchr/testify v1.10.0/go.mod h1:r2ic/lqez/lEtzL7wO/rwa5dbSLXVDPFyf8C91i36aY=
github.com/supranational/blst v0.3.15 h1:rd9viN6tfARE5wv3KZJ9H8e1cg0jXW8syFCcsbHa76o=
github.com/supranational/blst v0.3.15/go.mod h1:jZJtfjgudtNl4en1tzwPIV3KjUnQUvG3/j+w+fVonLw=
github.com/supranational/blst v0.3.16 h1:bTDadT+3fK497EvLdWRQEjiGnUtzJ7jjIUMF0jqwYhE=
github.com/supranational/blst v0.3.16/go.mod h1:jZJtfjgudtNl4en1tzwPIV3KjUnQUvG3/j+w+fVonLw=
github.com/tklauser/go-sysconf v0.3.12 h1:0QaGUFOdQaIVdPgfITYzaTegZvdCjmYO52cSFAEVmqU=
github.com/tklauser/go-sysconf v0.3.12/go.mod h1:Ho14jnntGE1fpdOqQEEaiKRpvIavV0hSfmBq8nJbHYI=
github.com/tklauser/numcpus v0.6.1 h1:ng9scYS7az0Bk4OZLvrNXNSAO2Pxr1XXRAPyjhIx+Fk=
github.com/tklauser/numcpus v0.6.1/go.mod h1:1XfjsgE2zo8GVw7POkMbHENHzVg3GzmoZ9fESEdAacY=
github.com/vmihailenco/msgpack/v5 v5.4.1 h1:cQriyiUvjTwOHg8QZaPihLWeRAAVoCpE00IUPn0Bjt8=
github.com/vmihailenco/msgpack/v5 v5.4.1/go.mod h1:GaZTsDaehaPpQVyxrf5mtQlH+pc21PIudVV/E3rRQok=
github.com/vmihailenco/tagparser/v2 v2.0.0 h1:y09buUbR+b5aycVFQs/g70pqKVZNBmxwAhO7/IwNM9g=
github.com/vmihailenco/tagparser/v2 v2.0.0/go.mod h1:Wri+At7QHww0WTrCBeu4J6bNtoV6mEfg5OIWRZA9qds=
golang.org/x/crypto v0.41.0 h1:WKYxWedPGCTVVl5+WHSSrOBT0O8lx32+zxmHxijgXp4=
golang.org/x/crypto v0.41.0/go.mod h1:pO5AFd7FA68rFak7rOAGVuygIISepHftHnr8dr6+sUc=
golang.org/x/crypto v0.42.0 h1:chiH31gIWm57EkTXpwnqf8qeuMUi0yekh6mT2AvFlqI=
golang.org/x/crypto v0.42.0/go.mod h1:4+rDnOTJhQCx2q7/j6rAN5XDw8kPjeaXEUR2eL94ix8=
golang.org/x/crypto v0.46.0 h1:cKRW/pmt1pKAfetfu+RCEvjvZkA9RimPbh7bhFjGVBU=
golang.org/x/crypto v0.46.0/go.mod h1:Evb/oLKmMraqjZ2iQTwDwvCtJkczlDuTmdJXoZVzqU0=
golang.org/x/net v0.48.0 h1:zyQRTTrjc33Lhh0fBgT/H3oZq9WuvRR5gPC70xpDiQU=
golang.org/x/net v0.48.0/go.mod h1:+ndRgGjkh8FGtu1w1FGbEC31if4VrNVMuKTgcAAnQRY=
golang.org/x/sync v0.16.0 h1:ycBJEhp9p4vXvUZNszeOq0kGTPghopOL8q0fq3vstxw=
golang.org/x/sync v0.16.0/go.mod h1:1dzgHSNfp02xaA81J2MS99Qcpr2w7fw1gpm99rleRqA=
golang.org/x/sync v0.17.0 h1:l60nONMj9l5drqw6jlhIELNv9I0A4OFgRsG9k2oT9Ug=
golang.org/x/sync v0.17.0/go.mod h1:9KTHXmSnoGruLpwFjVSX0lNNA75CykiMECbovNTZqGI=
golang.org/x/sync v0.19.0 h1:vV+1eWNmZ5geRlYjzm2adRgW2/mcpevXNg50YZtPCE4=
golang.org/x/sync v0.19.0/go.mod h1:9KTHXmSnoGruLpwFjVSX0lNNA75CykiMECbovNTZqGI=
golang.org/x/sys v0.35.0 h1:vz1N37gP5bs89s7He8XuIYXpyY0+QlsKmzipCbUtyxI=
golang.org/x/sys v0.35.0/go.mod h1:BJP2sWEmIv4KK5OTEluFJCKSidICx8ciO85XgH3Ak8k=
golang.org/x/sys v0.36.0 h1:KVRy2GtZBrk1cBYA7MKu5bEZFxQk4NIDV6RLVcC8o0k=
golang.org/x/sys v0.36.0/go.mod h1:OgkHotnGiDImocRcuBABYBEXf8A9a87e/uXjp9XT3ks=
golang.org/x/sys v0.40.0 h1:DBZZqJ2Rkml6QMQsZywtnjnnGvHza6BTfYFWY9kjEWQ=
golang.org/x/sys v0.40.0/go.mod h1:OgkHotnGiDImocRcuBABYBEXf8A9a87e/uXjp9XT3ks=
google.golang.org/protobuf v1.36.11 h1:fV6ZwhNocDyBLK0dj+fg8ektcVegBBuEolpbTQyBNVE=
google.golang.org/protobuf v1.36.11/go.mod h1:HTf+CrKn2C3g5S8VImy6tdcUvCska2kB7j23XfzDpco=
gopkg.in/yaml.v2 v2.4.0 h1:D8xgwECY7CYvx+Y2n4sBz93Jn9JRvxdiyyo8CTfuKaY=
gopkg.in/yaml.v2 v2.4.0/go.mod h1:RDklbk79AGWmwhnvt/jBztapEOGDOx6ZbXqjP6csGnQ=
gopkg.in/yaml.v3 v3.0.1 h1:fxVm/GzAzEWqLHuvctI91KS9hhNmmWOoWu0XTYJS7CA=
gopkg.in/yaml.v3 v3.0.1/go.mod h1:K4uyk7z7BCEPqu6E+C64Yfv1cQ7kz7rIZviUmN+EgEM=
